
Microsoft Visual Studio Solution File, Format Version 12.00
# Visual Studio 15
VisualStudioVersion = 15.0.27004.2002
MinimumVisualStudioVersion = 10.0.40219.1
Project("{FAE04EC0-301F-11D3-BF4B-00C04F79EFBC}") = "Mydatabase", "Mydatabase\Mydatabase.csproj", "{C21B57DE-86A1-4F47-BED4-67220D011D4B}"
EndProject
Global
	GlobalSection(SolutionConfigurationPlatforms) = preSolution
		Debug|Any CPU = Debug|Any CPU
		Release|Any CPU = Release|Any CPU
	EndGlobalSection
	GlobalSection(ProjectConfigurationPlatforms) = postSolution
		{C21B57DE-86A1-4F47-BED4-67220D011D4B}.Debug|Any CPU.ActiveCfg = Debug|Any CPU
		{C21B57DE-86A1-4F47-BED4-67220D011D4B}.Debug|Any CPU.Build.0 = Debug|Any CPU
		{C21B57DE-86A1-4F47-BED4-67220D011D4B}.Release|Any CPU.ActiveCfg = Release|Any CPU
		{C21B57DE-86A1-4F47-BED4-67220D011D4B}.Release|Any CPU.Build.0 = Release|Any CPU
	EndGlobalSection
	GlobalSection(SolutionProperties) = preSolution
		HideSolutionNode = FALSE
	EndGlobalSection
	GlobalSection(ExtensibilityGlobals) = postSolution
		SolutionGuid = {E4E08E10-9B5D-4BCD-BF48-A019CD5EED41}
	EndGlobalSection
EndGlobal
